
Microsoft Visual Studio Solution File, Format Version 12.00
# Visual Studio 15
VisualStudioVersion = 15.0.28307.757
MinimumVisualStudioVersion = 10.0.40219.1
Project("{FAE04EC0-301F-11D3-BF4B-00C04F79EFBC}") = "SwitchStatements", "SwitchStatements\SwitchStatements.csproj", "{B10B5164-E090-4C79-B129-6D5BA032DA06}"
EndProject
Project("{FAE04EC0-301F-11D3-BF4B-00C04F79EFBC}") = "GeneralSample", "GeneralSample\GeneralSample.csproj", "{3DDD8406-AE97-44D5-A88E-4F1A46BD69EF}"
EndProject
Project("{FAE04EC0-301F-11D3-BF4B-00C04F79EFBC}") = "SampleDemo", "SampleDemo\SampleDemo.csproj", "{92334E99-9E59-429E-9123-88F62F140AA1}"
EndProject
Global
	GlobalSection(SolutionConfigurationPlatforms) = preSolution
		Debug|Any CPU = Debug|Any CPU
		Release|Any CPU = Release|Any CPU
	EndGlobalSection
	GlobalSection(ProjectConfigurationPlatforms) = postSolution
		{B10B5164-E090-4C79-B129-6D5BA032DA06}.Debug|Any CPU.ActiveCfg = Debug|Any CPU
		{B10B5164-E090-4C79-B129-6D5BA032DA06}.Debug|Any CPU.Build.0 = Debug|Any CPU
		{B10B5164-E090-4C79-B129-6D5BA032DA06}.Release|Any CPU.ActiveCfg = Release|Any CPU
		{B10B5164-E090-4C79-B129-6D5BA032DA06}.Release|Any CPU.Build.0 = Release|Any CPU
		{3DDD8406-AE97-44D5-A88E-4F1A46BD69EF}.Debug|Any CPU.ActiveCfg = Debug|Any CPU
		{3DDD8406-AE97-44D5-A88E-4F1A46BD69EF}.Debug|Any CPU.Build.0 = Debug|Any CPU
		{3DDD8406-AE97-44D5-A88E-4F1A46BD69EF}.Release|Any CPU.ActiveCfg = Release|Any CPU
		{3DDD8406-AE97-44D5-A88E-4F1A46BD69EF}.Release|Any CPU.Build.0 = Release|Any CPU
		{92334E99-9E59-429E-9123-88F62F140AA1}.Debug|Any CPU.ActiveCfg = Debug|Any CPU
		{92334E99-9E59-429E-9123-88F62F140AA1}.Debug|Any CPU.Build.0 = Debug|Any CPU
		{92334E99-9E59-429E-9123-88F62F140AA1}.Release|Any CPU.ActiveCfg = Release|Any CPU
		{92334E99-9E59-429E-9123-88F62F140AA1}.Release|Any CPU.Build.0 = Release|Any CPU
	EndGlobalSection
	GlobalSection(SolutionProperties) = preSolution
		HideSolutionNode = FALSE
	EndGlobalSection
	GlobalSection(ExtensibilityGlobals) = postSolution
		SolutionGuid = {E0E17ADC-7E7C-4EC2-AD86-C309FC149DEF}
	EndGlobalSection
EndGlobal
